
Microsoft Visual Studio Solution File, Format Version 12.00
# Visual Studio Version 17
VisualStudioVersion = 17.14.36327.8 d17.14
MinimumVisualStudioVersion = 10.0.40219.1
Project("{FAE04EC0-301F-11D3-BF4B-00C04F79EFBC}") = "CoreRazorApp", "CoreRazorApp.csproj", "{A429ABA2-C983-432E-8002-56D192A57384}"
EndProject
Project("{FAE04EC0-301F-11D3-BF4B-00C04F79EFBC}") = "CommonUtils", "..\CommonUtils\CommonUtils.csproj", "{7CA6C40B-D083-434B-962D-92191A79B9C4}"
EndProject
Project("{FAE04EC0-301F-11D3-BF4B-00C04F79EFBC}") = "MVCExample", "..\MVCExample\MVCExample.csproj", "{1C6D1336-B881-4A63-BFB8-6E5FBC9E27E6}"
EndProject
Global
	GlobalSection(SolutionConfigurationPlatforms) = preSolution
		Debug|Any CPU = Debug|Any CPU
		Release|Any CPU = Release|Any CPU
	EndGlobalSection
	GlobalSection(ProjectConfigurationPlatforms) = postSolution
		{A429ABA2-C983-432E-8002-56D192A57384}.Debug|Any CPU.ActiveCfg = Debug|Any CPU
		{A429ABA2-C983-432E-8002-56D192A57384}.Debug|Any CPU.Build.0 = Debug|Any CPU
		{A429ABA2-C983-432E-8002-56D192A57384}.Release|Any CPU.ActiveCfg = Release|Any CPU
		{A429ABA2-C983-432E-8002-56D192A57384}.Release|Any CPU.Build.0 = Release|Any CPU
		{7CA6C40B-D083-434B-962D-92191A79B9C4}.Debug|Any CPU.ActiveCfg = Debug|Any CPU
		{7CA6C40B-D083-434B-962D-92191A79B9C4}.Debug|Any CPU.Build.0 = Debug|Any CPU
		{7CA6C40B-D083-434B-962D-92191A79B9C4}.Release|Any CPU.ActiveCfg = Release|Any CPU
		{7CA6C40B-D083-434B-962D-92191A79B9C4}.Release|Any CPU.Build.0 = Release|Any CPU
		{1C6D1336-B881-4A63-BFB8-6E5FBC9E27E6}.Debug|Any CPU.ActiveCfg = Debug|Any CPU
		{1C6D1336-B881-4A63-BFB8-6E5FBC9E27E6}.Debug|Any CPU.Build.0 = Debug|Any CPU
		{1C6D1336-B881-4A63-BFB8-6E5FBC9E27E6}.Release|Any CPU.ActiveCfg = Release|Any CPU
		{1C6D1336-B881-4A63-BFB8-6E5FBC9E27E6}.Release|Any CPU.Build.0 = Release|Any CPU
	EndGlobalSection
	GlobalSection(SolutionProperties) = preSolution
		HideSolutionNode = FALSE
	EndGlobalSection
	GlobalSection(ExtensibilityGlobals) = postSolution
		SolutionGuid = {883A1657-C7E0-4B55-B1F9-F3CCC01020E3}
	EndGlobalSection
EndGlobal
